// !$*UTF8*$!
{
	archiveVersion = 1;
	classes = {
	};
	objectVersion = 46;
	objects = {

/* Begin PBXBuildFile section */
		ABFDC2A91B91F9CC001C8EC8 /* main.m in Sources */ = {isa = PBXBuildFile; fileRef = ABFDC2A81B91F9CC001C8EC8 /* main.m */; };
		ABFDC2AC1B91F9CC001C8EC8 /* AppDelegate.m in Sources */ = {isa = PBXBuildFile; fileRef = ABFDC2AB1B91F9CC001C8EC8 /* AppDelegate.m */; };
		ABFDC2AF1B91F9CC001C8EC8 /* ViewController.m in Sources */ = {isa = PBXBuildFile; fileRef = ABFDC2AE1B91F9CC001C8EC8 /* ViewController.m */; };
		ABFDC2B21B91F9CC001C8EC8 /* Main.storyboard in Resources */ = {isa = PBXBuildFile; fileRef = ABFDC2B01B91F9CC001C8EC8 /* Main.storyboard */; };
		ABFDC2B41B91F9CC001C8EC8 /* Images.xcassets in Resources */ = {isa = PBXBuildFile; fileRef = ABFDC2B31B91F9CC001C8EC8 /* Images.xcassets */; };
		ABFDC2B71B91F9CC001C8EC8 /* LaunchScreen.xib in Resources */ = {isa = PBXBuildFile; fileRef = ABFDC2B51B91F9CC001C8EC8 /* LaunchScreen.xib */; };
		ABFDC2C31B91F9CC001C8EC8 /* PresetTimerPracticeProjectTests.m in Sources */ = {isa = PBXBuildFile; fileRef = ABFDC2C21B91F9CC001C8EC8 /* PresetTimerPracticeProjectTests.m */; };
		ABFDC2CE1B91FC6F001C8EC8 /* PresetTimersTableViewController.m in Sources */ = {isa = PBXBuildFile; fileRef = ABFDC2CD1B91FC6F001C8EC8 /* PresetTimersTableViewController.m */; };
		ABFDC3061B925AD9001C8EC8 /* NSTimersForTableViews.m in Sources */ = {isa = PBXBuildFile; fileRef = ABFDC3051B925AD9001C8EC8 /* NSTimersForTableViews.m */; };
/* End PBXBuildFile section */

/* Begin PBXContainerItemProxy section */
		ABFDC2BD1B91F9CC001C8EC8 /* PBXContainerItemProxy */ = {
			isa = PBXContainerItemProxy;
			containerPortal = ABFDC29B1B91F9CC001C8EC8 /* Project object */;
			proxyType = 1;
			remoteGlobalIDString = ABFDC2A21B91F9CC001C8EC8;
			remoteInfo = PresetTimerPracticeProject;
		};
/* End PBXContainerItemProxy section */

/* Begin PBXFileReference section */
		ABFDC2A31B91F9CC001C8EC8 /* PresetTimerPracticeProject.app */ = {isa = PBXFileReference; explicitFileType = wrapper.application; includeInIndex = 0; path = PresetTimerPracticeProject.app; sourceTree = BUILT_PRODUCTS_DIR; };
		ABFDC2A71B91F9CC001C8EC8 /* Info.plist */ = {isa = PBXFileReference; lastKnownFileType = text.plist.xml; path = Info.plist; sourceTree = "<group>"; };
		ABFDC2A81B91F9CC001C8EC8 /* main.m */ = {isa = PBXFileReference; lastKnownFileType = sourcecode.c.objc; path = main.m; sourceTree = "<group>"; };
		ABFDC2AA1B91F9CC001C8EC8 /* AppDelegate.h */ = {isa = PBXFileReference; lastKnownFileType = sourcecode.c.h; path = AppDelegate.h; sourceTree = "<group>"; };
		ABFDC2AB1B91F9CC001C8EC8 /* AppDelegate.m */ = {isa = PBXFileReference; lastKnownFileType = sourcecode.c.objc; path = AppDelegate.m; sourceTree = "<group>"; };
		ABFDC2AD1B91F9CC001C8EC8 /* ViewController.h */ = {isa = PBXFileReference; lastKnownFileType = sourcecode.c.h; path = ViewController.h; sourceTree = "<group>"; };
		ABFDC2AE1B91F9CC001C8EC8 /* ViewController.m */ = {isa = PBXFileReference; lastKnownFileType = sourcecode.c.objc; path = ViewController.m; sourceTree = "<group>"; };
		ABFDC2B11B91F9CC001C8EC8 /* Base */ = {isa = PBXFileReference; lastKnownFileType = file.storyboard; name = Base; path = Base.lproj/Main.storyboard; sourceTree = "<group>"; };
		ABFDC2B31B91F9CC001C8EC8 /* Images.xcassets */ = {isa = PBXFileReference; lastKnownFileType = folder.assetcatalog; path = Images.xcassets; sourceTree = "<group>"; };
		ABFDC2B61B91F9CC001C8EC8 /* Base */ = {isa = PBXFileReference; lastKnownFileType = file.xib; name = Base; path = Base.lproj/LaunchScreen.xib; sourceTree = "<group>"; };
		ABFDC2BC1B91F9CC001C8EC8 /* PresetTimerPracticeProjectTests.xctest */ = {isa = PBXFileReference; explicitFileType = wrapper.cfbundle; includeInIndex = 0; path = PresetTimerPracticeProjectTests.xctest; sourceTree = BUILT_PRODUCTS_DIR; };
		ABFDC2C11B91F9CC001C8EC8 /* Info.plist */ = {isa = PBXFileReference; lastKnownFileType = text.plist.xml; path = Info.plist; sourceTree = "<group>"; };
		ABFDC2C21B91F9CC001C8EC8 /* PresetTimerPracticeProjectTests.m */ = {isa = PBXFileReference; lastKnownFileType = sourcecode.c.objc; path = PresetTimerPracticeProjectTests.m; sourceTree = "<group>"; };
		ABFDC2CC1B91FC6F001C8EC8 /* PresetTimersTableViewController.h */ = {isa = PBXFileReference; fileEncoding = 4; lastKnownFileType = sourcecode.c.h; path = PresetTimersTableViewController.h; sourceTree = "<group>"; };
		ABFDC2CD1B91FC6F001C8EC8 /* PresetTimersTableViewController.m */ = {isa = PBXFileReference; fileEncoding = 4; lastKnownFileType = sourcecode.c.objc; path = PresetTimersTableViewController.m; sourceTree = "<group>"; };
		ABFDC3041B925AD9001C8EC8 /* NSTimersForTableViews.h */ = {isa = PBXFileReference; fileEncoding = 4; lastKnownFileType = sourcecode.c.h; path = NSTimersForTableViews.h; sourceTree = "<group>"; };
		ABFDC3051B925AD9001C8EC8 /* NSTimersForTableViews.m */ = {isa = PBXFileReference; fileEncoding = 4; lastKnownFileType = sourcecode.c.objc; path = NSTimersForTableViews.m; sourceTree = "<group>"; };
/* End PBXFileReference section */

/* Begin PBXFrameworksBuildPhase section */
		ABFDC2A01B91F9CC001C8EC8 /* Frameworks */ = {
			isa = PBXFrameworksBuildPhase;
			buildActionMask = 2147483647;
			files = (
			);
			runOnlyForDeploymentPostprocessing = 0;
		};
		ABFDC2B91B91F9CC001C8EC8 /* Frameworks */ = {
			isa = PBXFrameworksBuildPhase;
			buildActionMask = 2147483647;
			files = (
			);
			runOnlyForDeploymentPostprocessing = 0;
		};
/* End PBXFrameworksBuildPhase section */

/* Begin PBXGroup section */
		ABFDC29A1B91F9CC001C8EC8 = {
			isa = PBXGroup;
			children = (
				ABFDC2A51B91F9CC001C8EC8 /* PresetTimerPracticeProject */,
				ABFDC2BF1B91F9CC001C8EC8 /* PresetTimerPracticeProjectTests */,
				ABFDC2A41B91F9CC001C8EC8 /* Products */,
			);
			sourceTree = "<group>";
		};
		ABFDC2A41B91F9CC001C8EC8 /* Products */ = {
			isa = PBXGroup;
			children = (
				ABFDC2A31B91F9CC001C8EC8 /* PresetTimerPracticeProject.app */,
				ABFDC2BC1B91F9CC001C8EC8 /* PresetTimerPracticeProjectTests.xctest */,
			);
			name = Products;
			sourceTree = "<group>";
		};
		ABFDC2A51B91F9CC001C8EC8 /* PresetTimerPracticeProject */ = {
			isa = PBXGroup;
			children = (
				ABFDC2AA1B91F9CC001C8EC8 /* AppDelegate.h */,
				ABFDC2AB1B91F9CC001C8EC8 /* AppDelegate.m */,
				ABFDC3041B925AD9001C8EC8 /* NSTimersForTableViews.h */,
				ABFDC3051B925AD9001C8EC8 /* NSTimersForTableViews.m */,
				ABFDC2AD1B91F9CC001C8EC8 /* ViewController.h */,
				ABFDC2AE1B91F9CC001C8EC8 /* ViewController.m */,
				ABFDC2CC1B91FC6F001C8EC8 /* PresetTimersTableViewController.h */,
				ABFDC2CD1B91FC6F001C8EC8 /* PresetTimersTableViewController.m */,
				ABFDC2B01B91F9CC001C8EC8 /* Main.storyboard */,
				ABFDC2B31B91F9CC001C8EC8 /* Images.xcassets */,
				ABFDC2B51B91F9CC001C8EC8 /* LaunchScreen.xib */,
				ABFDC2A61B91F9CC001C8EC8 /* Supporting Files */,
			);
			path = PresetTimerPracticeProject;
			sourceTree = "<group>";
		};
		ABFDC2A61B91F9CC001C8EC8 /* Supporting Files */ = {
			isa = PBXGroup;
			children = (
				ABFDC2A71B91F9CC001C8EC8 /* Info.plist */,
				ABFDC2A81B91F9CC001C8EC8 /* main.m */,
			);
			name = "Supporting Files";
			sourceTree = "<group>";
		};
		ABFDC2BF1B91F9CC001C8EC8 /* PresetTimerPracticeProjectTests */ = {
			isa = PBXGroup;
			children = (
				ABFDC2C21B91F9CC001C8EC8 /* PresetTimerPracticeProjectTests.m */,
				ABFDC2C01B91F9CC001C8EC8 /* Supporting Files */,
			);
			path = PresetTimerPracticeProjectTests;
			sourceTree = "<group>";
		};
		ABFDC2C01B91F9CC001C8EC8 /* Supporting Files */ = {
			isa = PBXGroup;
			children = (
				ABFDC2C11B91F9CC001C8EC8 /* Info.plist */,
			);
			name = "Supporting Files";
			sourceTree = "<group>";
		};
/* End PBXGroup section */

/* Begin PBXNativeTarget section */
		ABFDC2A21B91F9CC001C8EC8 /* PresetTimerPracticeProject */ = {
			isa = PBXNativeTarget;
			buildConfigurationList = ABFDC2C61B91F9CC001C8EC8 /* Build configuration list for PBXNativeTarget "PresetTimerPracticeProject" */;
			buildPhases = (
				ABFDC29F1B91F9CC001C8EC8 /* Sources */,
				ABFDC2A01B91F9CC001C8EC8 /* Frameworks */,
				ABFDC2A11B91F9CC001C8EC8 /* Resources */,
			);
			buildRules = (
			);
			dependencies = (
			);
			name = PresetTimerPracticeProject;
			productName = PresetTimerPracticeProject;
			productReference = ABFDC2A31B91F9CC001C8EC8 /* PresetTimerPracticeProject.app */;
			productType = "com.apple.product-type.application";
		};
		ABFDC2BB1B91F9CC001C8EC8 /* PresetTimerPracticeProjectTests */ = {
			isa = PBXNativeTarget;
			buildConfigurationList = ABFDC2C91B91F9CC001C8EC8 /* Build configuration list for PBXNativeTarget "PresetTimerPracticeProjectTests" */;
			buildPhases = (
				ABFDC2B81B91F9CC001C8EC8 /* Sources */,
				ABFDC2B91B91F9CC001C8EC8 /* Frameworks */,
				ABFDC2BA1B91F9CC001C8EC8 /* Resources */,
			);
			buildRules = (
			);
			dependencies = (
				ABFDC2BE1B91F9CC001C8EC8 /* PBXTargetDependency */,
			);
			name = PresetTimerPracticeProjectTests;
			productName = PresetTimerPracticeProjectTests;
			productReference = ABFDC2BC1B91F9CC001C8EC8 /* PresetTimerPracticeProjectTests.xctest */;
			productType = "com.apple.product-type.bundle.unit-test";
		};
/* End PBXNativeTarget section */

/* Begin PBXProject section */
		ABFDC29B1B91F9CC001C8EC8 /* Project object */ = {
			isa = PBXProject;
			attributes = {
				LastUpgradeCheck = 0630;
				ORGANIZATIONNAME = "Bereket ";
				TargetAttributes = {
					ABFDC2A21B91F9CC001C8EC8 = {
						CreatedOnToolsVersion = 6.3.2;
					};
					ABFDC2BB1B91F9CC001C8EC8 = {
						CreatedOnToolsVersion = 6.3.2;
						TestTargetID = ABFDC2A21B91F9CC001C8EC8;
					};
				};
			};
			buildConfigurationList = ABFDC29E1B91F9CC001C8EC8 /* Build configuration list for PBXProject "PresetTimerPracticeProject" */;
			compatibilityVersion = "Xcode 3.2";
			developmentRegion = English;
			hasScannedForEncodings = 0;
			knownRegions = (
				en,
				Base,
			);
			mainGroup = ABFDC29A1B91F9CC001C8EC8;
			productRefGroup = ABFDC2A41B91F9CC001C8EC8 /* Products */;
			projectDirPath = "";
			projectRoot = "";
			targets = (
				ABFDC2A21B91F9CC001C8EC8 /* PresetTimerPracticeProject */,
				ABFDC2BB1B91F9CC001C8EC8 /* PresetTimerPracticeProjectTests */,
			);
		};
/* End PBXProject section */

/* Begin PBXResourcesBuildPhase section */
		ABFDC2A11B91F9CC001C8EC8 /* Resources */ = {
			isa = PBXResourcesBuildPhase;
			buildActionMask = 2147483647;
			files = (
				ABFDC2B21B91F9CC001C8EC8 /* Main.storyboard in Resources */,
				ABFDC2B71B91F9CC001C8EC8 /* LaunchScreen.xib in Resources */,
				ABFDC2B41B91F9CC001C8EC8 /* Images.xcassets in Resources */,
			);
			runOnlyForDeploymentPostprocessing = 0;
		};
		ABFDC2BA1B91F9CC001C8EC8 /* Resources */ = {
			isa = PBXResourcesBuildPhase;
			buildActionMask = 2147483647;
			files = (
			);
			runOnlyForDeploymentPostprocessing = 0;
		};
/* End PBXResourcesBuildPhase section */

/* Begin PBXSourcesBuildPhase section */
		ABFDC29F1B91F9CC001C8EC8 /* Sources */ = {
			isa = PBXSourcesBuildPhase;
			buildActionMask = 2147483647;
			files = (
				ABFDC3061B925AD9001C8EC8 /* NSTimersForTableViews.m in Sources */,
				ABFDC2AF1B91F9CC001C8EC8 /* ViewController.m in Sources */,
				ABFDC2AC1B91F9CC001C8EC8 /* AppDelegate.m in Sources */,
				ABFDC2CE1B91FC6F001C8EC8 /* PresetTimersTableViewController.m in Sources */,
				ABFDC2A91B91F9CC001C8EC8 /* main.m in Sources */,
			);
			runOnlyForDeploymentPostprocessing = 0;
		};
		ABFDC2B81B91F9CC001C8EC8 /* Sources */ = {
			isa = PBXSourcesBuildPhase;
			buildActionMask = 2147483647;
			files = (
				ABFDC2C31B91F9CC001C8EC8 /* PresetTimerPracticeProjectTests.m in Sources */,
			);
			runOnlyForDeploymentPostprocessing = 0;
		};
/* End PBXSourcesBuildPhase section */

/* Begin PBXTargetDependency section */
		ABFDC2BE1B91F9CC001C8EC8 /* PBXTargetDependency */ = {
			isa = PBXTargetDependency;
			target = ABFDC2A21B91F9CC001C8EC8 /* PresetTimerPracticeProject */;
			targetProxy = ABFDC2BD1B91F9CC001C8EC8 /* PBXContainerItemProxy */;
		};
/* End PBXTargetDependency section */

/* Begin PBXVariantGroup section */
		ABFDC2B01B91F9CC001C8EC8 /* Main.storyboard */ = {
			isa = PBXVariantGroup;
			children = (
				ABFDC2B11B91F9CC001C8EC8 /* Base */,
			);
			name = Main.storyboard;
			sourceTree = "<group>";
		};
		ABFDC2B51B91F9CC001C8EC8 /* LaunchScreen.xib */ = {
			isa = PBXVariantGroup;
			children = (
				ABFDC2B61B91F9CC001C8EC8 /* Base */,
			);
			name = LaunchScreen.xib;
			sourceTree = "<group>";
		};
/* End PBXVariantGroup section */

/* Begin XCBuildConfiguration section */
		ABFDC2C41B91F9CC001C8EC8 /* Debug */ = {
			isa = XCBuildConfiguration;
			buildSettings = {
				ALWAYS_SEARCH_USER_PATHS = NO;
				CLANG_CXX_LANGUAGE_STANDARD = "gnu++0x";
				CLANG_CXX_LIBRARY = "libc++";
				CLANG_ENABLE_MODULES = YES;
				CLANG_ENABLE_OBJC_ARC = YES;
				CLANG_WARN_BOOL_CONVERSION = YES;
				CLANG_WARN_CONSTANT_CONVERSION = YES;
				CLANG_WARN_DIRECT_OBJC_ISA_USAGE = YES_ERROR;
				CLANG_WARN_EMPTY_BODY = YES;
				CLANG_WARN_ENUM_CONVERSION = YES;
				CLANG_WARN_INT_CONVERSION = YES;
				CLANG_WARN_OBJC_ROOT_CLASS = YES_ERROR;
				CLANG_WARN_UNREACHABLE_CODE = YES;
				CLANG_WARN__DUPLICATE_METHOD_MATCH = YES;
				"CODE_SIGN_IDENTITY[sdk=iphoneos*]" = "iPhone Developer";
				COPY_PHASE_STRIP = NO;
				DEBUG_INFORMATION_FORMAT = "dwarf-with-dsym";
				ENABLE_STRICT_OBJC_MSGSEND = YES;
				GCC_C_LANGUAGE_STANDARD = gnu99;
				GCC_DYNAMIC_NO_PIC = NO;
				GCC_NO_COMMON_BLOCKS = YES;
				GCC_OPTIMIZATION_LEVEL = 0;
				GCC_PREPROCESSOR_DEFINITIONS = (
					"DEBUG=1",
					"$(inherited)",
				);
				GCC_SYMBOLS_PRIVATE_EXTERN = NO;
				GCC_WARN_64_TO_32_BIT_CONVERSION = YES;
				GCC_WARN_ABOUT_RETURN_TYPE = YES_ERROR;
				GCC_WARN_UNDECLARED_SELECTOR = YES;
				GCC_WARN_UNINITIALIZED_AUTOS = YES_AGGRESSIVE;
				GCC_WARN_UNUSED_FUNCTION = YES;
				GCC_WARN_UNUSED_VARIABLE = YES;
				IPHONEOS_DEPLOYMENT_TARGET = 8.3;
				MTL_ENABLE_DEBUG_INFO = YES;
				ONLY_ACTIVE_ARCH = YES;
				SDKROOT = iphoneos;
				TARGETED_DEVICE_FAMILY = "1,2";
			};
			name = Debug;
		};
		ABFDC2C51B91F9CC001C8EC8 /* Release */ = {
			isa = XCBuildConfiguration;
			buildSettings = {
				ALWAYS_SEARCH_USER_PATHS = NO;
				CLANG_CXX_LANGUAGE_STANDARD = "gnu++0x";
				CLANG_CXX_LIBRARY = "libc++";
				CLANG_ENABLE_MODULES = YES;
				CLANG_ENABLE_OBJC_ARC = YES;
				CLANG_WARN_BOOL_CONVERSION = YES;
				CLANG_WARN_CONSTANT_CONVERSION = YES;
				CLANG_WARN_DIRECT_OBJC_ISA_USAGE = YES_ERROR;
				CLANG_WARN_EMPTY_BODY = YES;
				CLANG_WARN_ENUM_CONVERSION = YES;
				CLANG_WARN_INT_CONVERSION = YES;
				CLANG_WARN_OBJC_ROOT_CLASS = YES_ERROR;
				CLANG_WARN_UNREACHABLE_CODE = YES;
				CLANG_WARN__DUPLICATE_METHOD_MATCH = YES;
				"CODE_SIGN_IDENTITY[sdk=iphoneos*]" = "iPhone Developer";
				COPY_PHASE_STRIP = NO;
				DEBUG_INFORMATION_FORMAT = "dwarf-with-dsym";
				ENABLE_NS_ASSERTIONS = NO;
				ENABLE_STRICT_OBJC_MSGSEND = YES;
				GCC_C_LANGUAGE_STANDARD = gnu99;
				GCC_NO_COMMON_BLOCKS = YES;
				GCC_WARN_64_TO_32_BIT_CONVERSION = YES;
				GCC_WARN_ABOUT_RETURN_TYPE = YES_ERROR;
				GCC_WARN_UNDECLARED_SELECTOR = YES;
				GCC_WARN_UNINITIALIZED_AUTOS = YES_AGGRESSIVE;
				GCC_WARN_UNUSED_FUNCTION = YES;
				GCC_WARN_UNUSED_VARIABLE = YES;
				IPHONEOS_DEPLOYMENT_TARGET = 8.3;
				MTL_ENABLE_DEBUG_INFO = NO;
				SDKROOT = iphoneos;
				TARGETED_DEVICE_FAMILY = "1,2";
				VALIDATE_PRODUCT = YES;
			};
			name = Release;
		};
		ABFDC2C71B91F9CC001C8EC8 /* Debug */ = {
			isa = XCBuildConfiguration;
			buildSettings = {
				ASSETCATALOG_COMPILER_APPICON_NAME = AppIcon;
				INFOPLIST_FILE = PresetTimerPracticeProject/Info.plist;
				LD_RUNPATH_SEARCH_PATHS = "$(inherited) @executable_path/Frameworks";
				PRODUCT_NAME = "$(TARGET_NAME)";
			};
			name = Debug;
		};
		ABFDC2C81B91F9CC001C8EC8 /* Release */ = {
			isa = XCBuildConfiguration;
			buildSettings = {
				ASSETCATALOG_COMPILER_APPICON_NAME = AppIcon;
				INFOPLIST_FILE = PresetTimerPracticeProject/Info.plist;
				LD_RUNPATH_SEARCH_PATHS = "$(inherited) @executable_path/Frameworks";
				PRODUCT_NAME = "$(TARGET_NAME)";
			};
			name = Release;
		};
		ABFDC2CA1B91F9CC001C8EC8 /* Debug */ = {
			isa = XCBuildConfiguration;
			buildSettings = {
				BUNDLE_LOADER = "$(TEST_HOST)";
				FRAMEWORK_SEARCH_PATHS = (
					"$(SDKROOT)/Developer/Library/Frameworks",
					"$(inherited)",
				);
				GCC_PREPROCESSOR_DEFINITIONS = (
					"DEBUG=1",
					"$(inherited)",
				);
				INFOPLIST_FILE = PresetTimerPracticeProjectTests/Info.plist;
				LD_RUNPATH_SEARCH_PATHS = "$(inherited) @executable_path/Frameworks @loader_path/Frameworks";
				PRODUCT_NAME = "$(TARGET_NAME)";
				TEST_HOST = "$(BUILT_PRODUCTS_DIR)/PresetTimerPracticeProject.app/PresetTimerPracticeProject";
			};
			name = Debug;
		};
		ABFDC2CB1B91F9CC001C8EC8 /* Release */ = {
			isa = XCBuildConfiguration;
			buildSettings = {
				BUNDLE_LOADER = "$(TEST_HOST)";
				FRAMEWORK_SEARCH_PATHS = (
					"$(SDKROOT)/Developer/Library/Frameworks",
					"$(inherited)",
				);
				INFOPLIST_FILE = PresetTimerPracticeProjectTests/Info.plist;
				LD_RUNPATH_SEARCH_PATHS = "$(inherited) @executable_path/Frameworks @loader_path/Frameworks";
				PRODUCT_NAME = "$(TARGET_NAME)";
				TEST_HOST = "$(BUILT_PRODUCTS_DIR)/PresetTimerPracticeProject.app/PresetTimerPracticeProject";
			};
			name = Release;
		};
/* End XCBuildConfiguration section */

/* Begin XCConfigurationList section */
		ABFDC29E1B91F9CC001C8EC8 /* Build configuration list for PBXProject "PresetTimerPracticeProject" */ = {
			isa = XCConfigurationList;
			buildConfigurations = (
				ABFDC2C41B91F9CC001C8EC8 /* Debug */,
				ABFDC2C51B91F9CC001C8EC8 /* Release */,
			);
			defaultConfigurationIsVisible = 0;
			defaultConfigurationName = Release;
		};
		ABFDC2C61B91F9CC001C8EC8 /* Build configuration list for PBXNativeTarget "PresetTimerPracticeProject" */ = {
			isa = XCConfigurationList;
			buildConfigurations = (
				ABFDC2C71B91F9CC001C8EC8 /* Debug */,
				ABFDC2C81B91F9CC001C8EC8 /* Release */,
			);
			defaultConfigurationIsVisible = 0;
			defaultConfigurationName = Release;
		};
		ABFDC2C91B91F9CC001C8EC8 /* Build configuration list for PBXNativeTarget "PresetTimerPracticeProjectTests" */ = {
			isa = XCConfigurationList;
			buildConfigurations = (
				ABFDC2CA1B91F9CC001C8EC8 /* Debug */,
				ABFDC2CB1B91F9CC001C8EC8 /* Release */,
			);
			defaultConfigurationIsVisible = 0;
			defaultConfigurationName = Release;
		};
/* End XCConfigurationList section */
	};
	rootObject = ABFDC29B1B91F9CC001C8EC8 /* Project object */;
}
